
Microsoft Visual Studio Solution File, Format Version 12.00
# Visual Studio Version 17
VisualStudioVersion = 17.13.35828.75 d17.13
MinimumVisualStudioVersion = 10.0.40219.1
Project("{54A90642-561A-4BB1-A94E-469ADEE60C69}") = "reactdatamanagement.client", "reactdatamanagement.client\reactdatamanagement.client.esproj", "{0A2ACC0F-4C81-F0CB-336E-B859D6E18224}"
EndProject
Project("{FAE04EC0-301F-11D3-BF4B-00C04F79EFBC}") = "ReactDataManagement.Server", "ReactDataManagement.Server\ReactDataManagement.Server.csproj", "{7A6A8ACB-3111-4054-A07B-0F2A711CD1EF}"
EndProject
Global
	GlobalSection(SolutionConfigurationPlatforms) = preSolution
		Debug|Any CPU = Debug|Any CPU
		Release|Any CPU = Release|Any CPU
	EndGlobalSection
	GlobalSection(ProjectConfigurationPlatforms) = postSolution
		{0A2ACC0F-4C81-F0CB-336E-B859D6E18224}.Debug|Any CPU.ActiveCfg = Debug|Any CPU
		{0A2ACC0F-4C81-F0CB-336E-B859D6E18224}.Debug|Any CPU.Build.0 = Debug|Any CPU
		{0A2ACC0F-4C81-F0CB-336E-B859D6E18224}.Debug|Any CPU.Deploy.0 = Debug|Any CPU
		{0A2ACC0F-4C81-F0CB-336E-B859D6E18224}.Release|Any CPU.ActiveCfg = Release|Any CPU
		{0A2ACC0F-4C81-F0CB-336E-B859D6E18224}.Release|Any CPU.Build.0 = Release|Any CPU
		{0A2ACC0F-4C81-F0CB-336E-B859D6E18224}.Release|Any CPU.Deploy.0 = Release|Any CPU
		{7A6A8ACB-3111-4054-A07B-0F2A711CD1EF}.Debug|Any CPU.ActiveCfg = Debug|Any CPU
		{7A6A8ACB-3111-4054-A07B-0F2A711CD1EF}.Debug|Any CPU.Build.0 = Debug|Any CPU
		{7A6A8ACB-3111-4054-A07B-0F2A711CD1EF}.Release|Any CPU.ActiveCfg = Release|Any CPU
		{7A6A8ACB-3111-4054-A07B-0F2A711CD1EF}.Release|Any CPU.Build.0 = Release|Any CPU
	EndGlobalSection
	GlobalSection(SolutionProperties) = preSolution
		HideSolutionNode = FALSE
	EndGlobalSection
	GlobalSection(ExtensibilityGlobals) = postSolution
		SolutionGuid = {8C08E14F-AF8A-41C7-9C0C-9966BE777583}
	EndGlobalSection
EndGlobal
